{
    "name": "gas-actualizacion-reporte-gerencia",
    "version": "1.0.0",
    "lockfileVersion": 3,
    "requires": true,
    "packages": {
        "": {
            "name": "gas-actualizacion-reporte-gerencia",
            "version": "1.0.0",
            "license": "ISC",
            "dependencies": {
                "@types/google-apps-script": "^2.0.0"
            }
        },
        "node_modules/@types/google-apps-script": {
            "version": "2.0.0",
            "resolved": "https://registry.npmjs.org/@types/google-apps-script/-/google-apps-script-2.0.0.tgz",
            "integrity": "sha512-CUpcgCl+w2jQaWt+RFkgcpKjZNtEukUq8FIGAsCqWTeGOf18isibqSiIDJG3DBwlDW2g5pBO26ssE1KHDF80hA==",
            "license": "MIT"
        }
    }
}
